
Microsoft Visual Studio Solution File, Format Version 12.00
# Visual Studio Version 17
VisualStudioVersion = 17.0.31903.59
MinimumVisualStudioVersion = 10.0.40219.1
Project("{9A19103F-16F7-4668-BE54-9A1E7A4F7556}") = "Simple.Abp.Test.Host", "src\Simple.Abp.Test.Host\Simple.Abp.Test.Host.csproj", "{14C184F6-0040-4E12-B69E-BE419E259D82}"
EndProject
Project("{2150E333-8FDC-42A3-9474-1A3956D46DE8}") = "AuditLogging", "AuditLogging", "{23B2F40F-3B5C-478D-88D6-94F19C6BC84A}"
EndProject
Project("{9A19103F-16F7-4668-BE54-9A1E7A4F7556}") = "Simple.Abp.AuditLogging.Application.Contracts", "modules\audit-logging\Simple.Abp.AuditLogging.Application.Contracts\Simple.Abp.AuditLogging.Application.Contracts.csproj", "{B225969A-78DA-489F-8A2B-06B58402342F}"
EndProject
Project("{9A19103F-16F7-4668-BE54-9A1E7A4F7556}") = "Simple.Abp.AuditLogging.Application", "modules\audit-logging\Simple.Abp.AuditLogging.Application\Simple.Abp.AuditLogging.Application.csproj", "{B30793DF-7434-4F6C-B812-BDB792E34153}"
EndProject
Project("{9A19103F-16F7-4668-BE54-9A1E7A4F7556}") = "Simple.Abp.AuditLogging.HttpApi", "modules\audit-logging\Simple.Abp.AuditLogging.HttpApi\Simple.Abp.AuditLogging.HttpApi.csproj", "{F8C55E5D-CAE0-46C3-A9FA-841425FB9A1A}"
EndProject
Project("{9A19103F-16F7-4668-BE54-9A1E7A4F7556}") = "Simple.Abp.AuditLogging.HttpApi.Client", "modules\audit-logging\Simple.Abp.AuditLogging.HttpApi.Client\Simple.Abp.AuditLogging.HttpApi.Client.csproj", "{8BA29F86-4A4F-40FA-ADAA-B61D19D1EDCF}"
EndProject
Project("{9A19103F-16F7-4668-BE54-9A1E7A4F7556}") = "Simple.Abp.Test.EntityFrameworkCore", "src\Simple.Abp.Test.EntityFrameworkCore\Simple.Abp.Test.EntityFrameworkCore.csproj", "{3A6D0BCF-F882-4959-9E23-4AC187AE73D4}"
EndProject
Project("{9A19103F-16F7-4668-BE54-9A1E7A4F7556}") = "Simple.Abp.Test.EntityFrameworkCore.DbMigrations", "src\Simple.Abp.Test.EntityFrameworkCore.DbMigrations\Simple.Abp.Test.EntityFrameworkCore.DbMigrations.csproj", "{5D548A57-DB78-4577-A3BA-82923EC8417A}"
EndProject
Project("{9A19103F-16F7-4668-BE54-9A1E7A4F7556}") = "Simple.Abp.Test.Domain.Shared", "src\Simple.Abp.Test.Domain.Shared\Simple.Abp.Test.Domain.Shared.csproj", "{F3654CB9-E74D-435C-8C82-A143628AC678}"
EndProject
Project("{9A19103F-16F7-4668-BE54-9A1E7A4F7556}") = "Simple.Abp.Test.Domain", "src\Simple.Abp.Test.Domain\Simple.Abp.Test.Domain.csproj", "{232E6C93-CF0E-4E0A-9830-A3AC617E7B88}"
EndProject
Project("{9A19103F-16F7-4668-BE54-9A1E7A4F7556}") = "Simple.Abp.Test.Application", "src\Simple.Abp.Test.Application\Simple.Abp.Test.Application.csproj", "{64C747C4-03F9-4E8C-B301-874B44D8AA40}"
EndProject
Project("{9A19103F-16F7-4668-BE54-9A1E7A4F7556}") = "Simple.Abp.Test.Application.Contracts", "src\Simple.Abp.Test.Application.Contracts\Simple.Abp.Test.Application.Contracts.csproj", "{4530F4F7-CC0B-4353-9158-F75BACE2FC56}"
EndProject
Project("{9A19103F-16F7-4668-BE54-9A1E7A4F7556}") = "Simple.Abp.Test.HttpApi", "src\Simple.Abp.Test.HttpApi\Simple.Abp.Test.HttpApi.csproj", "{F02FCFED-CF09-4C8C-9582-5B41F1E04D49}"
EndProject
Project("{9A19103F-16F7-4668-BE54-9A1E7A4F7556}") = "Simple.Abp.Test.HttpApi.Client", "src\Simple.Abp.Test.HttpApi.Client\Simple.Abp.Test.HttpApi.Client.csproj", "{2B1E2815-9AC3-4A32-89F1-A5B8538018A4}"
EndProject
Project("{9A19103F-16F7-4668-BE54-9A1E7A4F7556}") = "Simple.Abp.Test.DbMigrator", "src\Simple.Abp.Test.DbMigrator\Simple.Abp.Test.DbMigrator.csproj", "{EC232048-31C5-4851-8C9F-A24C60676337}"
EndProject
Project("{2150E333-8FDC-42A3-9474-1A3956D46DE8}") = "Identity", "Identity", "{69D8FA2F-1938-41FE-8E8C-BE5D077A1DCE}"
EndProject
Project("{9A19103F-16F7-4668-BE54-9A1E7A4F7556}") = "Simple.Abp.Identity.Application.Contracts", "modules\identity\Simple.Abp.Identity.Application.Contracts\Simple.Abp.Identity.Application.Contracts.csproj", "{61E98B06-F95D-48F2-B23C-EDCB00802E7B}"
EndProject
Project("{9A19103F-16F7-4668-BE54-9A1E7A4F7556}") = "Simple.Abp.Identity.Application", "modules\identity\Simple.Abp.Identity.Application\Simple.Abp.Identity.Application.csproj", "{12B25E10-791F-40A0-A432-E1517AF155BE}"
EndProject
Project("{9A19103F-16F7-4668-BE54-9A1E7A4F7556}") = "Simple.Abp.Identity.HttpApi", "modules\identity\Simple.Abp.Identity.HttpApi\Simple.Abp.Identity.HttpApi.csproj", "{BEEF86CD-985C-48FF-B8A4-221283E59DA4}"
EndProject
Project("{9A19103F-16F7-4668-BE54-9A1E7A4F7556}") = "Simple.Abp.Identity.HttpApi.Client", "modules\identity\Simple.Abp.Identity.HttpApi.Client\Simple.Abp.Identity.HttpApi.Client.csproj", "{40E6B84C-B46B-4CCC-B473-BA42F825142D}"
EndProject
Project("{2150E333-8FDC-42A3-9474-1A3956D46DE8}") = "IdentityServer", "IdentityServer", "{ABD56D53-5529-44BC-A1E6-B6337EC7AF6A}"
EndProject
Project("{9A19103F-16F7-4668-BE54-9A1E7A4F7556}") = "Simple.Abp.IdentityServer.Application.Contracts", "modules\identity-server\Simple.Abp.IdentityServer.Application.Contracts\Simple.Abp.IdentityServer.Application.Contracts.csproj", "{BCC8206D-7155-4BBA-A849-141FEB9A1544}"
EndProject
Project("{9A19103F-16F7-4668-BE54-9A1E7A4F7556}") = "Simple.Abp.IdentityServer.Application", "modules\identity-server\Simple.Abp.IdentityServer.Application\Simple.Abp.IdentityServer.Application.csproj", "{60F0C96E-3489-42F1-85C1-2DEE6F73AE90}"
EndProject
Project("{9A19103F-16F7-4668-BE54-9A1E7A4F7556}") = "Simple.Abp.IdentityServer.HttpApi", "modules\identity-server\Simple.Abp.IdentityServer.HttpApi\Simple.Abp.IdentityServer.HttpApi.csproj", "{DE3C5733-891B-4209-92B5-516DC476A5CA}"
EndProject
Project("{9A19103F-16F7-4668-BE54-9A1E7A4F7556}") = "Simple.Abp.IdentityServer.HttpApi.Client", "modules\identity-server\Simple.Abp.IdentityServer.HttpApi.Client\Simple.Abp.IdentityServer.HttpApi.Client.csproj", "{8B9BB6F7-3AD3-4B5F-B34F-E4E16C93793B}"
EndProject
Project("{2150E333-8FDC-42A3-9474-1A3956D46DE8}") = "Src", "Src", "{6E94AA33-98D6-497A-A482-CD73AC209B07}"
EndProject
Project("{2150E333-8FDC-42A3-9474-1A3956D46DE8}") = "Modules", "Modules", "{D39DB157-1C7C-4A10-8E63-90DD9CC160F4}"
EndProject
Project("{2150E333-8FDC-42A3-9474-1A3956D46DE8}") = "Account", "Account", "{CDC6B5DF-6BC7-4607-88B6-31F23908A81C}"
EndProject
Project("{2150E333-8FDC-42A3-9474-1A3956D46DE8}") = "Admin", "Admin", "{2D33FA08-7BD6-42F2-AA0E-06F2DFC5857D}"
EndProject
Project("{2150E333-8FDC-42A3-9474-1A3956D46DE8}") = "Public", "Public", "{65C70F8D-B3C3-41C1-AA17-7E3D0E4771AA}"
EndProject
Project("{9A19103F-16F7-4668-BE54-9A1E7A4F7556}") = "Simple.Abp.Account.Admin.Application", "modules\account\admin\Simple.Abp.Account.Admin.Application\Simple.Abp.Account.Admin.Application.csproj", "{26AAE76C-E81D-48F4-ACD4-8B5FE4264990}"
EndProject
Project("{9A19103F-16F7-4668-BE54-9A1E7A4F7556}") = "Simple.Abp.Account.Admin.Application.Contracts", "modules\account\admin\Simple.Abp.Account.Admin.Application.Contracts\Simple.Abp.Account.Admin.Application.Contracts.csproj", "{FE752541-5BA7-4A53-9F8A-32095BA463B9}"
EndProject
Project("{9A19103F-16F7-4668-BE54-9A1E7A4F7556}") = "Simple.Abp.Account.Admin.HttpApi", "modules\account\admin\Simple.Abp.Account.Admin.HttpApi\Simple.Abp.Account.Admin.HttpApi.csproj", "{F5A51249-0579-40D8-B90D-BB28614930A9}"
EndProject
Project("{9A19103F-16F7-4668-BE54-9A1E7A4F7556}") = "Simple.Abp.Account.Admin.HttpApi.Client", "modules\account\admin\Simple.Abp.Account.Admin.HttpApi.Client\Simple.Abp.Account.Admin.HttpApi.Client.csproj", "{5E5D0B11-6A25-4495-8887-FC77BFC4702D}"
EndProject
Project("{9A19103F-16F7-4668-BE54-9A1E7A4F7556}") = "Simple.Abp.Account.Public.Application", "modules\account\public\Simple.Abp.Account.Public.Application\Simple.Abp.Account.Public.Application.csproj", "{4EDAFF2C-D7CE-4475-9F70-F5AD4E1E5D3D}"
EndProject
Project("{9A19103F-16F7-4668-BE54-9A1E7A4F7556}") = "Simple.Abp.Account.Public.Application.Contracts", "modules\account\public\Simple.Abp.Account.Public.Application.Contracts\Simple.Abp.Account.Public.Application.Contracts.csproj", "{C659E465-E76D-4459-89E0-FEF5DBF2A4E7}"
EndProject
Project("{9A19103F-16F7-4668-BE54-9A1E7A4F7556}") = "Simple.Abp.Account.Public.HttpApi", "modules\account\public\Simple.Abp.Account.Public.HttpApi\Simple.Abp.Account.Public.HttpApi.csproj", "{6A625423-EBB7-4A29-B1A7-F409C5843DD4}"
EndProject
Project("{9A19103F-16F7-4668-BE54-9A1E7A4F7556}") = "Simple.Abp.Account.Public.HttpApi.Client", "modules\account\public\Simple.Abp.Account.Public.HttpApi.Client\Simple.Abp.Account.Public.HttpApi.Client.csproj", "{136CDCF4-C6FD-4539-BB21-C0C50DF57461}"
EndProject
Project("{9A19103F-16F7-4668-BE54-9A1E7A4F7556}") = "Simple.Abp.Account.Shared.Application", "modules\account\Simple.Abp.Account.Shared.Application\Simple.Abp.Account.Shared.Application.csproj", "{8D263708-73BF-4238-ACD8-4B0E5A8CC053}"
EndProject
Project("{9A19103F-16F7-4668-BE54-9A1E7A4F7556}") = "Simple.Abp.Account.Shared.Application.Contracts", "modules\account\Simple.Abp.Account.Shared.Application.Contracts\Simple.Abp.Account.Shared.Application.Contracts.csproj", "{7F5A03B6-8C1B-4130-8B12-81DE3AE9D2C2}"
EndProject
Project("{2150E333-8FDC-42A3-9474-1A3956D46DE8}") = "Articles", "Articles", "{8293C2A9-363C-4ED8-9D38-C04125B6585B}"
EndProject
Project("{9A19103F-16F7-4668-BE54-9A1E7A4F7556}") = "Simple.Abp.Articles.Domain.Shared", "modules\articles\Simple.Abp.Articles.Domain.Shared\Simple.Abp.Articles.Domain.Shared.csproj", "{97784F6C-AA17-4B1F-81CA-DF1B40BE7BB7}"
EndProject
Project("{9A19103F-16F7-4668-BE54-9A1E7A4F7556}") = "Simple.Abp.Articles.Domain", "modules\articles\Simple.Abp.Articles.Domain\Simple.Abp.Articles.Domain.csproj", "{D5C7F037-27DE-4CA5-A65B-E1978AB35851}"
EndProject
Project("{9A19103F-16F7-4668-BE54-9A1E7A4F7556}") = "Simple.Abp.Articles.EntityFrameworkCore", "modules\articles\Simple.Abp.Articles.EntityFrameworkCore\Simple.Abp.Articles.EntityFrameworkCore.csproj", "{834EA8D6-560E-4BA8-837E-8103AFCCC2BD}"
EndProject
Project("{9A19103F-16F7-4668-BE54-9A1E7A4F7556}") = "Simple.Abp.Articles.Application.Contracts", "modules\articles\Simple.Abp.Articles.Application.Contracts\Simple.Abp.Articles.Application.Contracts.csproj", "{51D89782-7FEA-4407-8556-90AC18CB98DE}"
EndProject
Project("{9A19103F-16F7-4668-BE54-9A1E7A4F7556}") = "Simple.Abp.Articles.Application", "modules\articles\Simple.Abp.Articles.Application\Simple.Abp.Articles.Application.csproj", "{6EDB4E38-75CB-48D4-86D7-3B1A2DEE262B}"
EndProject
Project("{9A19103F-16F7-4668-BE54-9A1E7A4F7556}") = "Simple.Abp.Articles.HttpApi", "modules\articles\Simple.Abp.Articles.HttpApi\Simple.Abp.Articles.HttpApi.csproj", "{78D5D8B6-8F82-49DF-B2B3-22836D1BCA3A}"
EndProject
Project("{9A19103F-16F7-4668-BE54-9A1E7A4F7556}") = "Simple.Abp.Articles.HttpApi.Client", "modules\articles\Simple.Abp.Articles.HttpApi.Client\Simple.Abp.Articles.HttpApi.Client.csproj", "{C89B99B9-C07E-4182-882F-3DC38C55F29D}"
EndProject
Project("{2150E333-8FDC-42A3-9474-1A3956D46DE8}") = "Shared", "Shared", "{71F845E3-37DC-4262-A034-FE28EDB42099}"
EndProject
Project("{9A19103F-16F7-4668-BE54-9A1E7A4F7556}") = "Simple.Abp.Shared.Application.Contracts", "Shared\Simple.Abp.Shared.Application.Contracts\Simple.Abp.Shared.Application.Contracts.csproj", "{C3653ED3-B783-4F64-AC3D-CA5CCDBB7534}"
EndProject
Project("{9A19103F-16F7-4668-BE54-9A1E7A4F7556}") = "Simple.Abp.Account.Public.Web", "modules\account\public\Simple.Abp.Account.Public.Web\Simple.Abp.Account.Public.Web.csproj", "{9409D7C1-DFB4-4DD3-8FDC-6058D379867F}"
EndProject
Project("{2150E333-8FDC-42A3-9474-1A3956D46DE8}") = "CloudStorage", "CloudStorage", "{3ED51D14-34DC-4BAD-944B-FC26CD8513F7}"
EndProject
Project("{9A19103F-16F7-4668-BE54-9A1E7A4F7556}") = "Simple.Abp.CloudStorage.Application.Contracts", "modules\cloud-storage\Simple.Abp.CloudStorage.Application.Contracts\Simple.Abp.CloudStorage.Application.Contracts.csproj", "{173D6E77-D618-4189-9E45-1C2784AABD1F}"
EndProject
Project("{9A19103F-16F7-4668-BE54-9A1E7A4F7556}") = "Simple.Abp.CloudStorage.Application", "modules\cloud-storage\Simple.Abp.CloudStorage.Application\Simple.Abp.CloudStorage.Application.csproj", "{7B2CF68A-1D53-4BC8-AAD6-C6A3CCE926B1}"
EndProject
Project("{9A19103F-16F7-4668-BE54-9A1E7A4F7556}") = "Simple.Abp.CloudStorage.HttpApi", "modules\cloud-storage\Simple.Abp.CloudStorage.HttpApi\Simple.Abp.CloudStorage.HttpApi.csproj", "{D66C96F3-F5A4-451B-89AF-35D9D65E503C}"
EndProject
Project("{9A19103F-16F7-4668-BE54-9A1E7A4F7556}") = "Simple.Abp.CloudStorage.HttpApi.Client", "modules\cloud-storage\Simple.Abp.CloudStorage.HttpApi.Client\Simple.Abp.CloudStorage.HttpApi.Client.csproj", "{D4548B69-22FC-40CD-9A15-A938F9611393}"
EndProject
Global
	GlobalSection(SolutionConfigurationPlatforms) = preSolution
		Debug|Any CPU = Debug|Any CPU
		Release|Any CPU = Release|Any CPU
	EndGlobalSection
	GlobalSection(ProjectConfigurationPlatforms) = postSolution
		{14C184F6-0040-4E12-B69E-BE419E259D82}.Debug|Any CPU.ActiveCfg = Debug|Any CPU
		{14C184F6-0040-4E12-B69E-BE419E259D82}.Debug|Any CPU.Build.0 = Debug|Any CPU
		{14C184F6-0040-4E12-B69E-BE419E259D82}.Release|Any CPU.ActiveCfg = Release|Any CPU
		{14C184F6-0040-4E12-B69E-BE419E259D82}.Release|Any CPU.Build.0 = Release|Any CPU
		{B225969A-78DA-489F-8A2B-06B58402342F}.Debug|Any CPU.ActiveCfg = Debug|Any CPU
		{B225969A-78DA-489F-8A2B-06B58402342F}.Debug|Any CPU.Build.0 = Debug|Any CPU
		{B225969A-78DA-489F-8A2B-06B58402342F}.Release|Any CPU.ActiveCfg = Release|Any CPU
		{B225969A-78DA-489F-8A2B-06B58402342F}.Release|Any CPU.Build.0 = Release|Any CPU
		{B30793DF-7434-4F6C-B812-BDB792E34153}.Debug|Any CPU.ActiveCfg = Debug|Any CPU
		{B30793DF-7434-4F6C-B812-BDB792E34153}.Debug|Any CPU.Build.0 = Debug|Any CPU
		{B30793DF-7434-4F6C-B812-BDB792E34153}.Release|Any CPU.ActiveCfg = Release|Any CPU
		{B30793DF-7434-4F6C-B812-BDB792E34153}.Release|Any CPU.Build.0 = Release|Any CPU
		{F8C55E5D-CAE0-46C3-A9FA-841425FB9A1A}.Debug|Any CPU.ActiveCfg = Debug|Any CPU
		{F8C55E5D-CAE0-46C3-A9FA-841425FB9A1A}.Debug|Any CPU.Build.0 = Debug|Any CPU
		{F8C55E5D-CAE0-46C3-A9FA-841425FB9A1A}.Release|Any CPU.ActiveCfg = Release|Any CPU
		{F8C55E5D-CAE0-46C3-A9FA-841425FB9A1A}.Release|Any CPU.Build.0 = Release|Any CPU
		{8BA29F86-4A4F-40FA-ADAA-B61D19D1EDCF}.Debug|Any CPU.ActiveCfg = Debug|Any CPU
		{8BA29F86-4A4F-40FA-ADAA-B61D19D1EDCF}.Debug|Any CPU.Build.0 = Debug|Any CPU
		{8BA29F86-4A4F-40FA-ADAA-B61D19D1EDCF}.Release|Any CPU.ActiveCfg = Release|Any CPU
		{8BA29F86-4A4F-40FA-ADAA-B61D19D1EDCF}.Release|Any CPU.Build.0 = Release|Any CPU
		{3A6D0BCF-F882-4959-9E23-4AC187AE73D4}.Debug|Any CPU.ActiveCfg = Debug|Any CPU
		{3A6D0BCF-F882-4959-9E23-4AC187AE73D4}.Debug|Any CPU.Build.0 = Debug|Any CPU
		{3A6D0BCF-F882-4959-9E23-4AC187AE73D4}.Release|Any CPU.ActiveCfg = Release|Any CPU
		{3A6D0BCF-F882-4959-9E23-4AC187AE73D4}.Release|Any CPU.Build.0 = Release|Any CPU
		{5D548A57-DB78-4577-A3BA-82923EC8417A}.Debug|Any CPU.ActiveCfg = Debug|Any CPU
		{5D548A57-DB78-4577-A3BA-82923EC8417A}.Debug|Any CPU.Build.0 = Debug|Any CPU
		{5D548A57-DB78-4577-A3BA-82923EC8417A}.Release|Any CPU.ActiveCfg = Release|Any CPU
		{5D548A57-DB78-4577-A3BA-82923EC8417A}.Release|Any CPU.Build.0 = Release|Any CPU
		{F3654CB9-E74D-435C-8C82-A143628AC678}.Debug|Any CPU.ActiveCfg = Debug|Any CPU
		{F3654CB9-E74D-435C-8C82-A143628AC678}.Debug|Any CPU.Build.0 = Debug|Any CPU
		{F3654CB9-E74D-435C-8C82-A143628AC678}.Release|Any CPU.ActiveCfg = Release|Any CPU
		{F3654CB9-E74D-435C-8C82-A143628AC678}.Release|Any CPU.Build.0 = Release|Any CPU
		{232E6C93-CF0E-4E0A-9830-A3AC617E7B88}.Debug|Any CPU.ActiveCfg = Debug|Any CPU
		{232E6C93-CF0E-4E0A-9830-A3AC617E7B88}.Debug|Any CPU.Build.0 = Debug|Any CPU
		{232E6C93-CF0E-4E0A-9830-A3AC617E7B88}.Release|Any CPU.ActiveCfg = Release|Any CPU
		{232E6C93-CF0E-4E0A-9830-A3AC617E7B88}.Release|Any CPU.Build.0 = Release|Any CPU
		{64C747C4-03F9-4E8C-B301-874B44D8AA40}.Debug|Any CPU.ActiveCfg = Debug|Any CPU
		{64C747C4-03F9-4E8C-B301-874B44D8AA40}.Debug|Any CPU.Build.0 = Debug|Any CPU
		{64C747C4-03F9-4E8C-B301-874B44D8AA40}.Release|Any CPU.ActiveCfg = Release|Any CPU
		{64C747C4-03F9-4E8C-B301-874B44D8AA40}.Release|Any CPU.Build.0 = Release|Any CPU
		{4530F4F7-CC0B-4353-9158-F75BACE2FC56}.Debug|Any CPU.ActiveCfg = Debug|Any CPU
		{4530F4F7-CC0B-4353-9158-F75BACE2FC56}.Debug|Any CPU.Build.0 = Debug|Any CPU
		{4530F4F7-CC0B-4353-9158-F75BACE2FC56}.Release|Any CPU.ActiveCfg = Release|Any CPU
		{4530F4F7-CC0B-4353-9158-F75BACE2FC56}.Release|Any CPU.Build.0 = Release|Any CPU
		{F02FCFED-CF09-4C8C-9582-5B41F1E04D49}.Debug|Any CPU.ActiveCfg = Debug|Any CPU
		{F02FCFED-CF09-4C8C-9582-5B41F1E04D49}.Debug|Any CPU.Build.0 = Debug|Any CPU
		{F02FCFED-CF09-4C8C-9582-5B41F1E04D49}.Release|Any CPU.ActiveCfg = Release|Any CPU
		{F02FCFED-CF09-4C8C-9582-5B41F1E04D49}.Release|Any CPU.Build.0 = Release|Any CPU
		{2B1E2815-9AC3-4A32-89F1-A5B8538018A4}.Debug|Any CPU.ActiveCfg = Debug|Any CPU
		{2B1E2815-9AC3-4A32-89F1-A5B8538018A4}.Debug|Any CPU.Build.0 = Debug|Any CPU
		{2B1E2815-9AC3-4A32-89F1-A5B8538018A4}.Release|Any CPU.ActiveCfg = Release|Any CPU
		{2B1E2815-9AC3-4A32-89F1-A5B8538018A4}.Release|Any CPU.Build.0 = Release|Any CPU
		{EC232048-31C5-4851-8C9F-A24C60676337}.Debug|Any CPU.ActiveCfg = Debug|Any CPU
		{EC232048-31C5-4851-8C9F-A24C60676337}.Debug|Any CPU.Build.0 = Debug|Any CPU
		{EC232048-31C5-4851-8C9F-A24C60676337}.Release|Any CPU.ActiveCfg = Release|Any CPU
		{EC232048-31C5-4851-8C9F-A24C60676337}.Release|Any CPU.Build.0 = Release|Any CPU
		{61E98B06-F95D-48F2-B23C-EDCB00802E7B}.Debug|Any CPU.ActiveCfg = Debug|Any CPU
		{61E98B06-F95D-48F2-B23C-EDCB00802E7B}.Debug|Any CPU.Build.0 = Debug|Any CPU
		{61E98B06-F95D-48F2-B23C-EDCB00802E7B}.Release|Any CPU.ActiveCfg = Release|Any CPU
		{61E98B06-F95D-48F2-B23C-EDCB00802E7B}.Release|Any CPU.Build.0 = Release|Any CPU
		{12B25E10-791F-40A0-A432-E1517AF155BE}.Debug|Any CPU.ActiveCfg = Debug|Any CPU
		{12B25E10-791F-40A0-A432-E1517AF155BE}.Debug|Any CPU.Build.0 = Debug|Any CPU
		{12B25E10-791F-40A0-A432-E1517AF155BE}.Release|Any CPU.ActiveCfg = Release|Any CPU
		{12B25E10-791F-40A0-A432-E1517AF155BE}.Release|Any CPU.Build.0 = Release|Any CPU
		{BEEF86CD-985C-48FF-B8A4-221283E59DA4}.Debug|Any CPU.ActiveCfg = Debug|Any CPU
		{BEEF86CD-985C-48FF-B8A4-221283E59DA4}.Debug|Any CPU.Build.0 = Debug|Any CPU
		{BEEF86CD-985C-48FF-B8A4-221283E59DA4}.Release|Any CPU.ActiveCfg = Release|Any CPU
		{BEEF86CD-985C-48FF-B8A4-221283E59DA4}.Release|Any CPU.Build.0 = Release|Any CPU
		{40E6B84C-B46B-4CCC-B473-BA42F825142D}.Debug|Any CPU.ActiveCfg = Debug|Any CPU
		{40E6B84C-B46B-4CCC-B473-BA42F825142D}.Debug|Any CPU.Build.0 = Debug|Any CPU
		{40E6B84C-B46B-4CCC-B473-BA42F825142D}.Release|Any CPU.ActiveCfg = Release|Any CPU
		{40E6B84C-B46B-4CCC-B473-BA42F825142D}.Release|Any CPU.Build.0 = Release|Any CPU
		{BCC8206D-7155-4BBA-A849-141FEB9A1544}.Debug|Any CPU.ActiveCfg = Debug|Any CPU
		{BCC8206D-7155-4BBA-A849-141FEB9A1544}.Debug|Any CPU.Build.0 = Debug|Any CPU
		{BCC8206D-7155-4BBA-A849-141FEB9A1544}.Release|Any CPU.ActiveCfg = Release|Any CPU
		{BCC8206D-7155-4BBA-A849-141FEB9A1544}.Release|Any CPU.Build.0 = Release|Any CPU
		{60F0C96E-3489-42F1-85C1-2DEE6F73AE90}.Debug|Any CPU.ActiveCfg = Debug|Any CPU
		{60F0C96E-3489-42F1-85C1-2DEE6F73AE90}.Debug|Any CPU.Build.0 = Debug|Any CPU
		{60F0C96E-3489-42F1-85C1-2DEE6F73AE90}.Release|Any CPU.ActiveCfg = Release|Any CPU
		{60F0C96E-3489-42F1-85C1-2DEE6F73AE90}.Release|Any CPU.Build.0 = Release|Any CPU
		{DE3C5733-891B-4209-92B5-516DC476A5CA}.Debug|Any CPU.ActiveCfg = Debug|Any CPU
		{DE3C5733-891B-4209-92B5-516DC476A5CA}.Debug|Any CPU.Build.0 = Debug|Any CPU
		{DE3C5733-891B-4209-92B5-516DC476A5CA}.Release|Any CPU.ActiveCfg = Release|Any CPU
		{DE3C5733-891B-4209-92B5-516DC476A5CA}.Release|Any CPU.Build.0 = Release|Any CPU
		{8B9BB6F7-3AD3-4B5F-B34F-E4E16C93793B}.Debug|Any CPU.ActiveCfg = Debug|Any CPU
		{8B9BB6F7-3AD3-4B5F-B34F-E4E16C93793B}.Debug|Any CPU.Build.0 = Debug|Any CPU
		{8B9BB6F7-3AD3-4B5F-B34F-E4E16C93793B}.Release|Any CPU.ActiveCfg = Release|Any CPU
		{8B9BB6F7-3AD3-4B5F-B34F-E4E16C93793B}.Release|Any CPU.Build.0 = Release|Any CPU
		{26AAE76C-E81D-48F4-ACD4-8B5FE4264990}.Debug|Any CPU.ActiveCfg = Debug|Any CPU
		{26AAE76C-E81D-48F4-ACD4-8B5FE4264990}.Debug|Any CPU.Build.0 = Debug|Any CPU
		{26AAE76C-E81D-48F4-ACD4-8B5FE4264990}.Release|Any CPU.ActiveCfg = Release|Any CPU
		{26AAE76C-E81D-48F4-ACD4-8B5FE4264990}.Release|Any CPU.Build.0 = Release|Any CPU
		{FE752541-5BA7-4A53-9F8A-32095BA463B9}.Debug|Any CPU.ActiveCfg = Debug|Any CPU
		{FE752541-5BA7-4A53-9F8A-32095BA463B9}.Debug|Any CPU.Build.0 = Debug|Any CPU
		{FE752541-5BA7-4A53-9F8A-32095BA463B9}.Release|Any CPU.ActiveCfg = Release|Any CPU
		{FE752541-5BA7-4A53-9F8A-32095BA463B9}.Release|Any CPU.Build.0 = Release|Any CPU
		{F5A51249-0579-40D8-B90D-BB28614930A9}.Debug|Any CPU.ActiveCfg = Debug|Any CPU
		{F5A51249-0579-40D8-B90D-BB28614930A9}.Debug|Any CPU.Build.0 = Debug|Any CPU
		{F5A51249-0579-40D8-B90D-BB28614930A9}.Release|Any CPU.ActiveCfg = Release|Any CPU
		{F5A51249-0579-40D8-B90D-BB28614930A9}.Release|Any CPU.Build.0 = Release|Any CPU
		{5E5D0B11-6A25-4495-8887-FC77BFC4702D}.Debug|Any CPU.ActiveCfg = Debug|Any CPU
		{5E5D0B11-6A25-4495-8887-FC77BFC4702D}.Debug|Any CPU.Build.0 = Debug|Any CPU
		{5E5D0B11-6A25-4495-8887-FC77BFC4702D}.Release|Any CPU.ActiveCfg = Release|Any CPU
		{5E5D0B11-6A25-4495-8887-FC77BFC4702D}.Release|Any CPU.Build.0 = Release|Any CPU
		{4EDAFF2C-D7CE-4475-9F70-F5AD4E1E5D3D}.Debug|Any CPU.ActiveCfg = Debug|Any CPU
		{4EDAFF2C-D7CE-4475-9F70-F5AD4E1E5D3D}.Debug|Any CPU.Build.0 = Debug|Any CPU
		{4EDAFF2C-D7CE-4475-9F70-F5AD4E1E5D3D}.Release|Any CPU.ActiveCfg = Release|Any CPU
		{4EDAFF2C-D7CE-4475-9F70-F5AD4E1E5D3D}.Release|Any CPU.Build.0 = Release|Any CPU
		{C659E465-E76D-4459-89E0-FEF5DBF2A4E7}.Debug|Any CPU.ActiveCfg = Debug|Any CPU
		{C659E465-E76D-4459-89E0-FEF5DBF2A4E7}.Debug|Any CPU.Build.0 = Debug|Any CPU
		{C659E465-E76D-4459-89E0-FEF5DBF2A4E7}.Release|Any CPU.ActiveCfg = Release|Any CPU
		{C659E465-E76D-4459-89E0-FEF5DBF2A4E7}.Release|Any CPU.Build.0 = Release|Any CPU
		{6A625423-EBB7-4A29-B1A7-F409C5843DD4}.Debug|Any CPU.ActiveCfg = Debug|Any CPU
		{6A625423-EBB7-4A29-B1A7-F409C5843DD4}.Debug|Any CPU.Build.0 = Debug|Any CPU
		{6A625423-EBB7-4A29-B1A7-F409C5843DD4}.Release|Any CPU.ActiveCfg = Release|Any CPU
		{6A625423-EBB7-4A29-B1A7-F409C5843DD4}.Release|Any CPU.Build.0 = Release|Any CPU
		{136CDCF4-C6FD-4539-BB21-C0C50DF57461}.Debug|Any CPU.ActiveCfg = Debug|Any CPU
		{136CDCF4-C6FD-4539-BB21-C0C50DF57461}.Debug|Any CPU.Build.0 = Debug|Any CPU
		{136CDCF4-C6FD-4539-BB21-C0C50DF57461}.Release|Any CPU.ActiveCfg = Release|Any CPU
		{136CDCF4-C6FD-4539-BB21-C0C50DF57461}.Release|Any CPU.Build.0 = Release|Any CPU
		{8D263708-73BF-4238-ACD8-4B0E5A8CC053}.Debug|Any CPU.ActiveCfg = Debug|Any CPU
		{8D263708-73BF-4238-ACD8-4B0E5A8CC053}.Debug|Any CPU.Build.0 = Debug|Any CPU
		{8D263708-73BF-4238-ACD8-4B0E5A8CC053}.Release|Any CPU.ActiveCfg = Release|Any CPU
		{8D263708-73BF-4238-ACD8-4B0E5A8CC053}.Release|Any CPU.Build.0 = Release|Any CPU
		{7F5A03B6-8C1B-4130-8B12-81DE3AE9D2C2}.Debug|Any CPU.ActiveCfg = Debug|Any CPU
		{7F5A03B6-8C1B-4130-8B12-81DE3AE9D2C2}.Debug|Any CPU.Build.0 = Debug|Any CPU
		{7F5A03B6-8C1B-4130-8B12-81DE3AE9D2C2}.Release|Any CPU.ActiveCfg = Release|Any CPU
		{7F5A03B6-8C1B-4130-8B12-81DE3AE9D2C2}.Release|Any CPU.Build.0 = Release|Any CPU
		{97784F6C-AA17-4B1F-81CA-DF1B40BE7BB7}.Debug|Any CPU.ActiveCfg = Debug|Any CPU
		{97784F6C-AA17-4B1F-81CA-DF1B40BE7BB7}.Debug|Any CPU.Build.0 = Debug|Any CPU
		{97784F6C-AA17-4B1F-81CA-DF1B40BE7BB7}.Release|Any CPU.ActiveCfg = Release|Any CPU
		{97784F6C-AA17-4B1F-81CA-DF1B40BE7BB7}.Release|Any CPU.Build.0 = Release|Any CPU
		{D5C7F037-27DE-4CA5-A65B-E1978AB35851}.Debug|Any CPU.ActiveCfg = Debug|Any CPU
		{D5C7F037-27DE-4CA5-A65B-E1978AB35851}.Debug|Any CPU.Build.0 = Debug|Any CPU
		{D5C7F037-27DE-4CA5-A65B-E1978AB35851}.Release|Any CPU.ActiveCfg = Release|Any CPU
		{D5C7F037-27DE-4CA5-A65B-E1978AB35851}.Release|Any CPU.Build.0 = Release|Any CPU
		{834EA8D6-560E-4BA8-837E-8103AFCCC2BD}.Debug|Any CPU.ActiveCfg = Debug|Any CPU
		{834EA8D6-560E-4BA8-837E-8103AFCCC2BD}.Debug|Any CPU.Build.0 = Debug|Any CPU
		{834EA8D6-560E-4BA8-837E-8103AFCCC2BD}.Release|Any CPU.ActiveCfg = Release|Any CPU
		{834EA8D6-560E-4BA8-837E-8103AFCCC2BD}.Release|Any CPU.Build.0 = Release|Any CPU
		{51D89782-7FEA-4407-8556-90AC18CB98DE}.Debug|Any CPU.ActiveCfg = Debug|Any CPU
		{51D89782-7FEA-4407-8556-90AC18CB98DE}.Debug|Any CPU.Build.0 = Debug|Any CPU
		{51D89782-7FEA-4407-8556-90AC18CB98DE}.Release|Any CPU.ActiveCfg = Release|Any CPU
		{51D89782-7FEA-4407-8556-90AC18CB98DE}.Release|Any CPU.Build.0 = Release|Any CPU
		{6EDB4E38-75CB-48D4-86D7-3B1A2DEE262B}.Debug|Any CPU.ActiveCfg = Debug|Any CPU
		{6EDB4E38-75CB-48D4-86D7-3B1A2DEE262B}.Debug|Any CPU.Build.0 = Debug|Any CPU
		{6EDB4E38-75CB-48D4-86D7-3B1A2DEE262B}.Release|Any CPU.ActiveCfg = Release|Any CPU
		{6EDB4E38-75CB-48D4-86D7-3B1A2DEE262B}.Release|Any CPU.Build.0 = Release|Any CPU
		{78D5D8B6-8F82-49DF-B2B3-22836D1BCA3A}.Debug|Any CPU.ActiveCfg = Debug|Any CPU
		{78D5D8B6-8F82-49DF-B2B3-22836D1BCA3A}.Debug|Any CPU.Build.0 = Debug|Any CPU
		{78D5D8B6-8F82-49DF-B2B3-22836D1BCA3A}.Release|Any CPU.ActiveCfg = Release|Any CPU
		{78D5D8B6-8F82-49DF-B2B3-22836D1BCA3A}.Release|Any CPU.Build.0 = Release|Any CPU
		{C89B99B9-C07E-4182-882F-3DC38C55F29D}.Debug|Any CPU.ActiveCfg = Debug|Any CPU
		{C89B99B9-C07E-4182-882F-3DC38C55F29D}.Debug|Any CPU.Build.0 = Debug|Any CPU
		{C89B99B9-C07E-4182-882F-3DC38C55F29D}.Release|Any CPU.ActiveCfg = Release|Any CPU
		{C89B99B9-C07E-4182-882F-3DC38C55F29D}.Release|Any CPU.Build.0 = Release|Any CPU
		{C3653ED3-B783-4F64-AC3D-CA5CCDBB7534}.Debug|Any CPU.ActiveCfg = Debug|Any CPU
		{C3653ED3-B783-4F64-AC3D-CA5CCDBB7534}.Debug|Any CPU.Build.0 = Debug|Any CPU
		{C3653ED3-B783-4F64-AC3D-CA5CCDBB7534}.Release|Any CPU.ActiveCfg = Release|Any CPU
		{C3653ED3-B783-4F64-AC3D-CA5CCDBB7534}.Release|Any CPU.Build.0 = Release|Any CPU
		{9409D7C1-DFB4-4DD3-8FDC-6058D379867F}.Debug|Any CPU.ActiveCfg = Debug|Any CPU
		{9409D7C1-DFB4-4DD3-8FDC-6058D379867F}.Debug|Any CPU.Build.0 = Debug|Any CPU
		{9409D7C1-DFB4-4DD3-8FDC-6058D379867F}.Release|Any CPU.ActiveCfg = Release|Any CPU
		{9409D7C1-DFB4-4DD3-8FDC-6058D379867F}.Release|Any CPU.Build.0 = Release|Any CPU
		{173D6E77-D618-4189-9E45-1C2784AABD1F}.Debug|Any CPU.ActiveCfg = Debug|Any CPU
		{173D6E77-D618-4189-9E45-1C2784AABD1F}.Debug|Any CPU.Build.0 = Debug|Any CPU
		{173D6E77-D618-4189-9E45-1C2784AABD1F}.Release|Any CPU.ActiveCfg = Release|Any CPU
		{173D6E77-D618-4189-9E45-1C2784AABD1F}.Release|Any CPU.Build.0 = Release|Any CPU
		{7B2CF68A-1D53-4BC8-AAD6-C6A3CCE926B1}.Debug|Any CPU.ActiveCfg = Debug|Any CPU
		{7B2CF68A-1D53-4BC8-AAD6-C6A3CCE926B1}.Debug|Any CPU.Build.0 = Debug|Any CPU
		{7B2CF68A-1D53-4BC8-AAD6-C6A3CCE926B1}.Release|Any CPU.ActiveCfg = Release|Any CPU
		{7B2CF68A-1D53-4BC8-AAD6-C6A3CCE926B1}.Release|Any CPU.Build.0 = Release|Any CPU
		{D66C96F3-F5A4-451B-89AF-35D9D65E503C}.Debug|Any CPU.ActiveCfg = Debug|Any CPU
		{D66C96F3-F5A4-451B-89AF-35D9D65E503C}.Debug|Any CPU.Build.0 = Debug|Any CPU
		{D66C96F3-F5A4-451B-89AF-35D9D65E503C}.Release|Any CPU.ActiveCfg = Release|Any CPU
		{D66C96F3-F5A4-451B-89AF-35D9D65E503C}.Release|Any CPU.Build.0 = Release|Any CPU
		{D4548B69-22FC-40CD-9A15-A938F9611393}.Debug|Any CPU.ActiveCfg = Debug|Any CPU
		{D4548B69-22FC-40CD-9A15-A938F9611393}.Debug|Any CPU.Build.0 = Debug|Any CPU
		{D4548B69-22FC-40CD-9A15-A938F9611393}.Release|Any CPU.ActiveCfg = Release|Any CPU
		{D4548B69-22FC-40CD-9A15-A938F9611393}.Release|Any CPU.Build.0 = Release|Any CPU
	EndGlobalSection
	GlobalSection(SolutionProperties) = preSolution
		HideSolutionNode = FALSE
	EndGlobalSection
	GlobalSection(NestedProjects) = preSolution
		{14C184F6-0040-4E12-B69E-BE419E259D82} = {6E94AA33-98D6-497A-A482-CD73AC209B07}
		{23B2F40F-3B5C-478D-88D6-94F19C6BC84A} = {D39DB157-1C7C-4A10-8E63-90DD9CC160F4}
		{B225969A-78DA-489F-8A2B-06B58402342F} = {23B2F40F-3B5C-478D-88D6-94F19C6BC84A}
		{B30793DF-7434-4F6C-B812-BDB792E34153} = {23B2F40F-3B5C-478D-88D6-94F19C6BC84A}
		{F8C55E5D-CAE0-46C3-A9FA-841425FB9A1A} = {23B2F40F-3B5C-478D-88D6-94F19C6BC84A}
		{8BA29F86-4A4F-40FA-ADAA-B61D19D1EDCF} = {23B2F40F-3B5C-478D-88D6-94F19C6BC84A}
		{3A6D0BCF-F882-4959-9E23-4AC187AE73D4} = {6E94AA33-98D6-497A-A482-CD73AC209B07}
		{5D548A57-DB78-4577-A3BA-82923EC8417A} = {6E94AA33-98D6-497A-A482-CD73AC209B07}
		{F3654CB9-E74D-435C-8C82-A143628AC678} = {6E94AA33-98D6-497A-A482-CD73AC209B07}
		{232E6C93-CF0E-4E0A-9830-A3AC617E7B88} = {6E94AA33-98D6-497A-A482-CD73AC209B07}
		{64C747C4-03F9-4E8C-B301-874B44D8AA40} = {6E94AA33-98D6-497A-A482-CD73AC209B07}
		{4530F4F7-CC0B-4353-9158-F75BACE2FC56} = {6E94AA33-98D6-497A-A482-CD73AC209B07}
		{F02FCFED-CF09-4C8C-9582-5B41F1E04D49} = {6E94AA33-98D6-497A-A482-CD73AC209B07}
		{2B1E2815-9AC3-4A32-89F1-A5B8538018A4} = {6E94AA33-98D6-497A-A482-CD73AC209B07}
		{EC232048-31C5-4851-8C9F-A24C60676337} = {6E94AA33-98D6-497A-A482-CD73AC209B07}
		{69D8FA2F-1938-41FE-8E8C-BE5D077A1DCE} = {D39DB157-1C7C-4A10-8E63-90DD9CC160F4}
		{61E98B06-F95D-48F2-B23C-EDCB00802E7B} = {69D8FA2F-1938-41FE-8E8C-BE5D077A1DCE}
		{12B25E10-791F-40A0-A432-E1517AF155BE} = {69D8FA2F-1938-41FE-8E8C-BE5D077A1DCE}
		{BEEF86CD-985C-48FF-B8A4-221283E59DA4} = {69D8FA2F-1938-41FE-8E8C-BE5D077A1DCE}
		{40E6B84C-B46B-4CCC-B473-BA42F825142D} = {69D8FA2F-1938-41FE-8E8C-BE5D077A1DCE}
		{ABD56D53-5529-44BC-A1E6-B6337EC7AF6A} = {D39DB157-1C7C-4A10-8E63-90DD9CC160F4}
		{BCC8206D-7155-4BBA-A849-141FEB9A1544} = {ABD56D53-5529-44BC-A1E6-B6337EC7AF6A}
		{60F0C96E-3489-42F1-85C1-2DEE6F73AE90} = {ABD56D53-5529-44BC-A1E6-B6337EC7AF6A}
		{DE3C5733-891B-4209-92B5-516DC476A5CA} = {ABD56D53-5529-44BC-A1E6-B6337EC7AF6A}
		{8B9BB6F7-3AD3-4B5F-B34F-E4E16C93793B} = {ABD56D53-5529-44BC-A1E6-B6337EC7AF6A}
		{CDC6B5DF-6BC7-4607-88B6-31F23908A81C} = {D39DB157-1C7C-4A10-8E63-90DD9CC160F4}
		{2D33FA08-7BD6-42F2-AA0E-06F2DFC5857D} = {CDC6B5DF-6BC7-4607-88B6-31F23908A81C}
		{65C70F8D-B3C3-41C1-AA17-7E3D0E4771AA} = {CDC6B5DF-6BC7-4607-88B6-31F23908A81C}
		{26AAE76C-E81D-48F4-ACD4-8B5FE4264990} = {2D33FA08-7BD6-42F2-AA0E-06F2DFC5857D}
		{FE752541-5BA7-4A53-9F8A-32095BA463B9} = {2D33FA08-7BD6-42F2-AA0E-06F2DFC5857D}
		{F5A51249-0579-40D8-B90D-BB28614930A9} = {2D33FA08-7BD6-42F2-AA0E-06F2DFC5857D}
		{5E5D0B11-6A25-4495-8887-FC77BFC4702D} = {2D33FA08-7BD6-42F2-AA0E-06F2DFC5857D}
		{4EDAFF2C-D7CE-4475-9F70-F5AD4E1E5D3D} = {65C70F8D-B3C3-41C1-AA17-7E3D0E4771AA}
		{C659E465-E76D-4459-89E0-FEF5DBF2A4E7} = {65C70F8D-B3C3-41C1-AA17-7E3D0E4771AA}
		{6A625423-EBB7-4A29-B1A7-F409C5843DD4} = {65C70F8D-B3C3-41C1-AA17-7E3D0E4771AA}
		{136CDCF4-C6FD-4539-BB21-C0C50DF57461} = {65C70F8D-B3C3-41C1-AA17-7E3D0E4771AA}
		{8D263708-73BF-4238-ACD8-4B0E5A8CC053} = {CDC6B5DF-6BC7-4607-88B6-31F23908A81C}
		{7F5A03B6-8C1B-4130-8B12-81DE3AE9D2C2} = {CDC6B5DF-6BC7-4607-88B6-31F23908A81C}
		{8293C2A9-363C-4ED8-9D38-C04125B6585B} = {D39DB157-1C7C-4A10-8E63-90DD9CC160F4}
		{97784F6C-AA17-4B1F-81CA-DF1B40BE7BB7} = {8293C2A9-363C-4ED8-9D38-C04125B6585B}
		{D5C7F037-27DE-4CA5-A65B-E1978AB35851} = {8293C2A9-363C-4ED8-9D38-C04125B6585B}
		{834EA8D6-560E-4BA8-837E-8103AFCCC2BD} = {8293C2A9-363C-4ED8-9D38-C04125B6585B}
		{51D89782-7FEA-4407-8556-90AC18CB98DE} = {8293C2A9-363C-4ED8-9D38-C04125B6585B}
		{6EDB4E38-75CB-48D4-86D7-3B1A2DEE262B} = {8293C2A9-363C-4ED8-9D38-C04125B6585B}
		{78D5D8B6-8F82-49DF-B2B3-22836D1BCA3A} = {8293C2A9-363C-4ED8-9D38-C04125B6585B}
		{C89B99B9-C07E-4182-882F-3DC38C55F29D} = {8293C2A9-363C-4ED8-9D38-C04125B6585B}
		{C3653ED3-B783-4F64-AC3D-CA5CCDBB7534} = {71F845E3-37DC-4262-A034-FE28EDB42099}
		{9409D7C1-DFB4-4DD3-8FDC-6058D379867F} = {65C70F8D-B3C3-41C1-AA17-7E3D0E4771AA}
		{3ED51D14-34DC-4BAD-944B-FC26CD8513F7} = {D39DB157-1C7C-4A10-8E63-90DD9CC160F4}
		{173D6E77-D618-4189-9E45-1C2784AABD1F} = {3ED51D14-34DC-4BAD-944B-FC26CD8513F7}
		{7B2CF68A-1D53-4BC8-AAD6-C6A3CCE926B1} = {3ED51D14-34DC-4BAD-944B-FC26CD8513F7}
		{D66C96F3-F5A4-451B-89AF-35D9D65E503C} = {3ED51D14-34DC-4BAD-944B-FC26CD8513F7}
		{D4548B69-22FC-40CD-9A15-A938F9611393} = {3ED51D14-34DC-4BAD-944B-FC26CD8513F7}
	EndGlobalSection
	GlobalSection(ExtensibilityGlobals) = postSolution
		SolutionGuid = {B358507C-4C9F-4B14-BB31-B77B1CA84670}
	EndGlobalSection
EndGlobal
