
Microsoft Visual Studio Solution File, Format Version 12.00
# Visual Studio Version 17
VisualStudioVersion = 17.0.31903.59
MinimumVisualStudioVersion = 10.0.40219.1
Project("{9A19103F-16F7-4668-BE54-9A1E7A4F7556}") = "Simple.Abp.Test.Host", "src\Simple.Abp.Test.Host\Simple.Abp.Test.Host.csproj", "{14C184F6-0040-4E12-B69E-BE419E259D82}"
EndProject
Project("{2150E333-8FDC-42A3-9474-1A3956D46DE8}") = "AuditLogging", "AuditLogging", "{23B2F40F-3B5C-478D-88D6-94F19C6BC84A}"
EndProject
Project("{9A19103F-16F7-4668-BE54-9A1E7A4F7556}") = "Simple.Abp.AuditLogging.Application.Contracts", "audit-logging\Simple.Abp.AuditLogging.Application.Contracts\Simple.Abp.AuditLogging.Application.Contracts.csproj", "{B225969A-78DA-489F-8A2B-06B58402342F}"
EndProject
Project("{9A19103F-16F7-4668-BE54-9A1E7A4F7556}") = "Simple.Abp.AuditLogging.Application", "audit-logging\Simple.Abp.AuditLogging.Application\Simple.Abp.AuditLogging.Application.csproj", "{B30793DF-7434-4F6C-B812-BDB792E34153}"
EndProject
Project("{9A19103F-16F7-4668-BE54-9A1E7A4F7556}") = "Simple.Abp.AuditLogging.HttpApi", "audit-logging\Simple.Abp.AuditLogging.HttpApi\Simple.Abp.AuditLogging.HttpApi.csproj", "{F8C55E5D-CAE0-46C3-A9FA-841425FB9A1A}"
EndProject
Project("{9A19103F-16F7-4668-BE54-9A1E7A4F7556}") = "Simple.Abp.AuditLogging.HttpApi.Client", "audit-logging\Simple.Abp.AuditLogging.HttpApi.Client\Simple.Abp.AuditLogging.HttpApi.Client.csproj", "{8BA29F86-4A4F-40FA-ADAA-B61D19D1EDCF}"
EndProject
Project("{9A19103F-16F7-4668-BE54-9A1E7A4F7556}") = "Simple.Abp.Test.EntityFrameworkCore", "src\Simple.Abp.Test.EntityFrameworkCore\Simple.Abp.Test.EntityFrameworkCore.csproj", "{3A6D0BCF-F882-4959-9E23-4AC187AE73D4}"
EndProject
Project("{9A19103F-16F7-4668-BE54-9A1E7A4F7556}") = "Simple.Abp.Test.EntityFrameworkCore.DbMigrations", "src\Simple.Abp.Test.EntityFrameworkCore.DbMigrations\Simple.Abp.Test.EntityFrameworkCore.DbMigrations.csproj", "{5D548A57-DB78-4577-A3BA-82923EC8417A}"
EndProject
Project("{9A19103F-16F7-4668-BE54-9A1E7A4F7556}") = "Simple.Abp.Test.Domain.Shared", "src\Simple.Abp.Test.Domain.Shared\Simple.Abp.Test.Domain.Shared.csproj", "{F3654CB9-E74D-435C-8C82-A143628AC678}"
EndProject
Project("{9A19103F-16F7-4668-BE54-9A1E7A4F7556}") = "Simple.Abp.Test.Domain", "src\Simple.Abp.Test.Domain\Simple.Abp.Test.Domain.csproj", "{232E6C93-CF0E-4E0A-9830-A3AC617E7B88}"
EndProject
Project("{9A19103F-16F7-4668-BE54-9A1E7A4F7556}") = "Simple.Abp.Test.Application", "src\Simple.Abp.Test.Application\Simple.Abp.Test.Application.csproj", "{64C747C4-03F9-4E8C-B301-874B44D8AA40}"
EndProject
Project("{9A19103F-16F7-4668-BE54-9A1E7A4F7556}") = "Simple.Abp.Test.Application.Contracts", "src\Simple.Abp.Test.Application.Contracts\Simple.Abp.Test.Application.Contracts.csproj", "{4530F4F7-CC0B-4353-9158-F75BACE2FC56}"
EndProject
Project("{9A19103F-16F7-4668-BE54-9A1E7A4F7556}") = "Simple.Abp.Test.HttpApi", "src\Simple.Abp.Test.HttpApi\Simple.Abp.Test.HttpApi.csproj", "{F02FCFED-CF09-4C8C-9582-5B41F1E04D49}"
EndProject
Project("{9A19103F-16F7-4668-BE54-9A1E7A4F7556}") = "Simple.Abp.Test.HttpApi.Client", "src\Simple.Abp.Test.HttpApi.Client\Simple.Abp.Test.HttpApi.Client.csproj", "{2B1E2815-9AC3-4A32-89F1-A5B8538018A4}"
EndProject
Project("{9A19103F-16F7-4668-BE54-9A1E7A4F7556}") = "Simple.Abp.Test.DbMigrator", "src\Simple.Abp.Test.DbMigrator\Simple.Abp.Test.DbMigrator.csproj", "{EC232048-31C5-4851-8C9F-A24C60676337}"
EndProject
Project("{2150E333-8FDC-42A3-9474-1A3956D46DE8}") = "Identity", "Identity", "{69D8FA2F-1938-41FE-8E8C-BE5D077A1DCE}"
EndProject
Project("{9A19103F-16F7-4668-BE54-9A1E7A4F7556}") = "Simple.Abp.Identity.Application.Contracts", "identity\Simple.Abp.Identity.Application.Contracts\Simple.Abp.Identity.Application.Contracts.csproj", "{61E98B06-F95D-48F2-B23C-EDCB00802E7B}"
EndProject
Project("{9A19103F-16F7-4668-BE54-9A1E7A4F7556}") = "Simple.Abp.Identity.Application", "identity\Simple.Abp.Identity.Application\Simple.Abp.Identity.Application.csproj", "{12B25E10-791F-40A0-A432-E1517AF155BE}"
EndProject
Project("{9A19103F-16F7-4668-BE54-9A1E7A4F7556}") = "Simple.Abp.Identity.HttpApi", "identity\Simple.Abp.Identity.HttpApi\Simple.Abp.Identity.HttpApi.csproj", "{BEEF86CD-985C-48FF-B8A4-221283E59DA4}"
EndProject
Project("{9A19103F-16F7-4668-BE54-9A1E7A4F7556}") = "Simple.Abp.Identity.HttpApi.Client", "identity\Simple.Abp.Identity.HttpApi.Client\Simple.Abp.Identity.HttpApi.Client.csproj", "{40E6B84C-B46B-4CCC-B473-BA42F825142D}"
EndProject
Project("{2150E333-8FDC-42A3-9474-1A3956D46DE8}") = "IdentityServer", "IdentityServer", "{ABD56D53-5529-44BC-A1E6-B6337EC7AF6A}"
EndProject
Project("{9A19103F-16F7-4668-BE54-9A1E7A4F7556}") = "Simple.Abp.IdentityServer.Application.Contracts", "identity-server\Simple.Abp.IdentityServer.Application.Contracts\Simple.Abp.IdentityServer.Application.Contracts.csproj", "{BCC8206D-7155-4BBA-A849-141FEB9A1544}"
EndProject
Project("{9A19103F-16F7-4668-BE54-9A1E7A4F7556}") = "Simple.Abp.IdentityServer.Application", "identity-server\Simple.Abp.IdentityServer.Application\Simple.Abp.IdentityServer.Application.csproj", "{60F0C96E-3489-42F1-85C1-2DEE6F73AE90}"
EndProject
Project("{9A19103F-16F7-4668-BE54-9A1E7A4F7556}") = "Simple.Abp.IdentityServer.HttpApi", "identity-server\Simple.Abp.IdentityServer.HttpApi\Simple.Abp.IdentityServer.HttpApi.csproj", "{DE3C5733-891B-4209-92B5-516DC476A5CA}"
EndProject
Project("{9A19103F-16F7-4668-BE54-9A1E7A4F7556}") = "Simple.Abp.IdentityServer.HttpApi.Client", "identity-server\Simple.Abp.IdentityServer.HttpApi.Client\Simple.Abp.IdentityServer.HttpApi.Client.csproj", "{8B9BB6F7-3AD3-4B5F-B34F-E4E16C93793B}"
EndProject
Project("{2150E333-8FDC-42A3-9474-1A3956D46DE8}") = "Src", "Src", "{6E94AA33-98D6-497A-A482-CD73AC209B07}"
EndProject
Global
	GlobalSection(SolutionConfigurationPlatforms) = preSolution
		Debug|Any CPU = Debug|Any CPU
		Release|Any CPU = Release|Any CPU
	EndGlobalSection
	GlobalSection(ProjectConfigurationPlatforms) = postSolution
		{14C184F6-0040-4E12-B69E-BE419E259D82}.Debug|Any CPU.ActiveCfg = Debug|Any CPU
		{14C184F6-0040-4E12-B69E-BE419E259D82}.Debug|Any CPU.Build.0 = Debug|Any CPU
		{14C184F6-0040-4E12-B69E-BE419E259D82}.Release|Any CPU.ActiveCfg = Release|Any CPU
		{14C184F6-0040-4E12-B69E-BE419E259D82}.Release|Any CPU.Build.0 = Release|Any CPU
		{B225969A-78DA-489F-8A2B-06B58402342F}.Debug|Any CPU.ActiveCfg = Debug|Any CPU
		{B225969A-78DA-489F-8A2B-06B58402342F}.Debug|Any CPU.Build.0 = Debug|Any CPU
		{B225969A-78DA-489F-8A2B-06B58402342F}.Release|Any CPU.ActiveCfg = Release|Any CPU
		{B225969A-78DA-489F-8A2B-06B58402342F}.Release|Any CPU.Build.0 = Release|Any CPU
		{B30793DF-7434-4F6C-B812-BDB792E34153}.Debug|Any CPU.ActiveCfg = Debug|Any CPU
		{B30793DF-7434-4F6C-B812-BDB792E34153}.Debug|Any CPU.Build.0 = Debug|Any CPU
		{B30793DF-7434-4F6C-B812-BDB792E34153}.Release|Any CPU.ActiveCfg = Release|Any CPU
		{B30793DF-7434-4F6C-B812-BDB792E34153}.Release|Any CPU.Build.0 = Release|Any CPU
		{F8C55E5D-CAE0-46C3-A9FA-841425FB9A1A}.Debug|Any CPU.ActiveCfg = Debug|Any CPU
		{F8C55E5D-CAE0-46C3-A9FA-841425FB9A1A}.Debug|Any CPU.Build.0 = Debug|Any CPU
		{F8C55E5D-CAE0-46C3-A9FA-841425FB9A1A}.Release|Any CPU.ActiveCfg = Release|Any CPU
		{F8C55E5D-CAE0-46C3-A9FA-841425FB9A1A}.Release|Any CPU.Build.0 = Release|Any CPU
		{8BA29F86-4A4F-40FA-ADAA-B61D19D1EDCF}.Debug|Any CPU.ActiveCfg = Debug|Any CPU
		{8BA29F86-4A4F-40FA-ADAA-B61D19D1EDCF}.Debug|Any CPU.Build.0 = Debug|Any CPU
		{8BA29F86-4A4F-40FA-ADAA-B61D19D1EDCF}.Release|Any CPU.ActiveCfg = Release|Any CPU
		{8BA29F86-4A4F-40FA-ADAA-B61D19D1EDCF}.Release|Any CPU.Build.0 = Release|Any CPU
		{3A6D0BCF-F882-4959-9E23-4AC187AE73D4}.Debug|Any CPU.ActiveCfg = Debug|Any CPU
		{3A6D0BCF-F882-4959-9E23-4AC187AE73D4}.Debug|Any CPU.Build.0 = Debug|Any CPU
		{3A6D0BCF-F882-4959-9E23-4AC187AE73D4}.Release|Any CPU.ActiveCfg = Release|Any CPU
		{3A6D0BCF-F882-4959-9E23-4AC187AE73D4}.Release|Any CPU.Build.0 = Release|Any CPU
		{5D548A57-DB78-4577-A3BA-82923EC8417A}.Debug|Any CPU.ActiveCfg = Debug|Any CPU
		{5D548A57-DB78-4577-A3BA-82923EC8417A}.Debug|Any CPU.Build.0 = Debug|Any CPU
		{5D548A57-DB78-4577-A3BA-82923EC8417A}.Release|Any CPU.ActiveCfg = Release|Any CPU
		{5D548A57-DB78-4577-A3BA-82923EC8417A}.Release|Any CPU.Build.0 = Release|Any CPU
		{F3654CB9-E74D-435C-8C82-A143628AC678}.Debug|Any CPU.ActiveCfg = Debug|Any CPU
		{F3654CB9-E74D-435C-8C82-A143628AC678}.Debug|Any CPU.Build.0 = Debug|Any CPU
		{F3654CB9-E74D-435C-8C82-A143628AC678}.Release|Any CPU.ActiveCfg = Release|Any CPU
		{F3654CB9-E74D-435C-8C82-A143628AC678}.Release|Any CPU.Build.0 = Release|Any CPU
		{232E6C93-CF0E-4E0A-9830-A3AC617E7B88}.Debug|Any CPU.ActiveCfg = Debug|Any CPU
		{232E6C93-CF0E-4E0A-9830-A3AC617E7B88}.Debug|Any CPU.Build.0 = Debug|Any CPU
		{232E6C93-CF0E-4E0A-9830-A3AC617E7B88}.Release|Any CPU.ActiveCfg = Release|Any CPU
		{232E6C93-CF0E-4E0A-9830-A3AC617E7B88}.Release|Any CPU.Build.0 = Release|Any CPU
		{64C747C4-03F9-4E8C-B301-874B44D8AA40}.Debug|Any CPU.ActiveCfg = Debug|Any CPU
		{64C747C4-03F9-4E8C-B301-874B44D8AA40}.Debug|Any CPU.Build.0 = Debug|Any CPU
		{64C747C4-03F9-4E8C-B301-874B44D8AA40}.Release|Any CPU.ActiveCfg = Release|Any CPU
		{64C747C4-03F9-4E8C-B301-874B44D8AA40}.Release|Any CPU.Build.0 = Release|Any CPU
		{4530F4F7-CC0B-4353-9158-F75BACE2FC56}.Debug|Any CPU.ActiveCfg = Debug|Any CPU
		{4530F4F7-CC0B-4353-9158-F75BACE2FC56}.Debug|Any CPU.Build.0 = Debug|Any CPU
		{4530F4F7-CC0B-4353-9158-F75BACE2FC56}.Release|Any CPU.ActiveCfg = Release|Any CPU
		{4530F4F7-CC0B-4353-9158-F75BACE2FC56}.Release|Any CPU.Build.0 = Release|Any CPU
		{F02FCFED-CF09-4C8C-9582-5B41F1E04D49}.Debug|Any CPU.ActiveCfg = Debug|Any CPU
		{F02FCFED-CF09-4C8C-9582-5B41F1E04D49}.Debug|Any CPU.Build.0 = Debug|Any CPU
		{F02FCFED-CF09-4C8C-9582-5B41F1E04D49}.Release|Any CPU.ActiveCfg = Release|Any CPU
		{F02FCFED-CF09-4C8C-9582-5B41F1E04D49}.Release|Any CPU.Build.0 = Release|Any CPU
		{2B1E2815-9AC3-4A32-89F1-A5B8538018A4}.Debug|Any CPU.ActiveCfg = Debug|Any CPU
		{2B1E2815-9AC3-4A32-89F1-A5B8538018A4}.Debug|Any CPU.Build.0 = Debug|Any CPU
		{2B1E2815-9AC3-4A32-89F1-A5B8538018A4}.Release|Any CPU.ActiveCfg = Release|Any CPU
		{2B1E2815-9AC3-4A32-89F1-A5B8538018A4}.Release|Any CPU.Build.0 = Release|Any CPU
		{EC232048-31C5-4851-8C9F-A24C60676337}.Debug|Any CPU.ActiveCfg = Debug|Any CPU
		{EC232048-31C5-4851-8C9F-A24C60676337}.Debug|Any CPU.Build.0 = Debug|Any CPU
		{EC232048-31C5-4851-8C9F-A24C60676337}.Release|Any CPU.ActiveCfg = Release|Any CPU
		{EC232048-31C5-4851-8C9F-A24C60676337}.Release|Any CPU.Build.0 = Release|Any CPU
		{61E98B06-F95D-48F2-B23C-EDCB00802E7B}.Debug|Any CPU.ActiveCfg = Debug|Any CPU
		{61E98B06-F95D-48F2-B23C-EDCB00802E7B}.Debug|Any CPU.Build.0 = Debug|Any CPU
		{61E98B06-F95D-48F2-B23C-EDCB00802E7B}.Release|Any CPU.ActiveCfg = Release|Any CPU
		{61E98B06-F95D-48F2-B23C-EDCB00802E7B}.Release|Any CPU.Build.0 = Release|Any CPU
		{12B25E10-791F-40A0-A432-E1517AF155BE}.Debug|Any CPU.ActiveCfg = Debug|Any CPU
		{12B25E10-791F-40A0-A432-E1517AF155BE}.Debug|Any CPU.Build.0 = Debug|Any CPU
		{12B25E10-791F-40A0-A432-E1517AF155BE}.Release|Any CPU.ActiveCfg = Release|Any CPU
		{12B25E10-791F-40A0-A432-E1517AF155BE}.Release|Any CPU.Build.0 = Release|Any CPU
		{BEEF86CD-985C-48FF-B8A4-221283E59DA4}.Debug|Any CPU.ActiveCfg = Debug|Any CPU
		{BEEF86CD-985C-48FF-B8A4-221283E59DA4}.Debug|Any CPU.Build.0 = Debug|Any CPU
		{BEEF86CD-985C-48FF-B8A4-221283E59DA4}.Release|Any CPU.ActiveCfg = Release|Any CPU
		{BEEF86CD-985C-48FF-B8A4-221283E59DA4}.Release|Any CPU.Build.0 = Release|Any CPU
		{40E6B84C-B46B-4CCC-B473-BA42F825142D}.Debug|Any CPU.ActiveCfg = Debug|Any CPU
		{40E6B84C-B46B-4CCC-B473-BA42F825142D}.Debug|Any CPU.Build.0 = Debug|Any CPU
		{40E6B84C-B46B-4CCC-B473-BA42F825142D}.Release|Any CPU.ActiveCfg = Release|Any CPU
		{40E6B84C-B46B-4CCC-B473-BA42F825142D}.Release|Any CPU.Build.0 = Release|Any CPU
		{BCC8206D-7155-4BBA-A849-141FEB9A1544}.Debug|Any CPU.ActiveCfg = Debug|Any CPU
		{BCC8206D-7155-4BBA-A849-141FEB9A1544}.Debug|Any CPU.Build.0 = Debug|Any CPU
		{BCC8206D-7155-4BBA-A849-141FEB9A1544}.Release|Any CPU.ActiveCfg = Release|Any CPU
		{BCC8206D-7155-4BBA-A849-141FEB9A1544}.Release|Any CPU.Build.0 = Release|Any CPU
		{60F0C96E-3489-42F1-85C1-2DEE6F73AE90}.Debug|Any CPU.ActiveCfg = Debug|Any CPU
		{60F0C96E-3489-42F1-85C1-2DEE6F73AE90}.Debug|Any CPU.Build.0 = Debug|Any CPU
		{60F0C96E-3489-42F1-85C1-2DEE6F73AE90}.Release|Any CPU.ActiveCfg = Release|Any CPU
		{60F0C96E-3489-42F1-85C1-2DEE6F73AE90}.Release|Any CPU.Build.0 = Release|Any CPU
		{DE3C5733-891B-4209-92B5-516DC476A5CA}.Debug|Any CPU.ActiveCfg = Debug|Any CPU
		{DE3C5733-891B-4209-92B5-516DC476A5CA}.Debug|Any CPU.Build.0 = Debug|Any CPU
		{DE3C5733-891B-4209-92B5-516DC476A5CA}.Release|Any CPU.ActiveCfg = Release|Any CPU
		{DE3C5733-891B-4209-92B5-516DC476A5CA}.Release|Any CPU.Build.0 = Release|Any CPU
		{8B9BB6F7-3AD3-4B5F-B34F-E4E16C93793B}.Debug|Any CPU.ActiveCfg = Debug|Any CPU
		{8B9BB6F7-3AD3-4B5F-B34F-E4E16C93793B}.Debug|Any CPU.Build.0 = Debug|Any CPU
		{8B9BB6F7-3AD3-4B5F-B34F-E4E16C93793B}.Release|Any CPU.ActiveCfg = Release|Any CPU
		{8B9BB6F7-3AD3-4B5F-B34F-E4E16C93793B}.Release|Any CPU.Build.0 = Release|Any CPU
	EndGlobalSection
	GlobalSection(SolutionProperties) = preSolution
		HideSolutionNode = FALSE
	EndGlobalSection
	GlobalSection(NestedProjects) = preSolution
		{14C184F6-0040-4E12-B69E-BE419E259D82} = {6E94AA33-98D6-497A-A482-CD73AC209B07}
		{B225969A-78DA-489F-8A2B-06B58402342F} = {23B2F40F-3B5C-478D-88D6-94F19C6BC84A}
		{B30793DF-7434-4F6C-B812-BDB792E34153} = {23B2F40F-3B5C-478D-88D6-94F19C6BC84A}
		{F8C55E5D-CAE0-46C3-A9FA-841425FB9A1A} = {23B2F40F-3B5C-478D-88D6-94F19C6BC84A}
		{8BA29F86-4A4F-40FA-ADAA-B61D19D1EDCF} = {23B2F40F-3B5C-478D-88D6-94F19C6BC84A}
		{3A6D0BCF-F882-4959-9E23-4AC187AE73D4} = {6E94AA33-98D6-497A-A482-CD73AC209B07}
		{5D548A57-DB78-4577-A3BA-82923EC8417A} = {6E94AA33-98D6-497A-A482-CD73AC209B07}
		{F3654CB9-E74D-435C-8C82-A143628AC678} = {6E94AA33-98D6-497A-A482-CD73AC209B07}
		{232E6C93-CF0E-4E0A-9830-A3AC617E7B88} = {6E94AA33-98D6-497A-A482-CD73AC209B07}
		{64C747C4-03F9-4E8C-B301-874B44D8AA40} = {6E94AA33-98D6-497A-A482-CD73AC209B07}
		{4530F4F7-CC0B-4353-9158-F75BACE2FC56} = {6E94AA33-98D6-497A-A482-CD73AC209B07}
		{F02FCFED-CF09-4C8C-9582-5B41F1E04D49} = {6E94AA33-98D6-497A-A482-CD73AC209B07}
		{2B1E2815-9AC3-4A32-89F1-A5B8538018A4} = {6E94AA33-98D6-497A-A482-CD73AC209B07}
		{EC232048-31C5-4851-8C9F-A24C60676337} = {6E94AA33-98D6-497A-A482-CD73AC209B07}
		{61E98B06-F95D-48F2-B23C-EDCB00802E7B} = {69D8FA2F-1938-41FE-8E8C-BE5D077A1DCE}
		{12B25E10-791F-40A0-A432-E1517AF155BE} = {69D8FA2F-1938-41FE-8E8C-BE5D077A1DCE}
		{BEEF86CD-985C-48FF-B8A4-221283E59DA4} = {69D8FA2F-1938-41FE-8E8C-BE5D077A1DCE}
		{40E6B84C-B46B-4CCC-B473-BA42F825142D} = {69D8FA2F-1938-41FE-8E8C-BE5D077A1DCE}
		{BCC8206D-7155-4BBA-A849-141FEB9A1544} = {ABD56D53-5529-44BC-A1E6-B6337EC7AF6A}
		{60F0C96E-3489-42F1-85C1-2DEE6F73AE90} = {ABD56D53-5529-44BC-A1E6-B6337EC7AF6A}
		{DE3C5733-891B-4209-92B5-516DC476A5CA} = {ABD56D53-5529-44BC-A1E6-B6337EC7AF6A}
		{8B9BB6F7-3AD3-4B5F-B34F-E4E16C93793B} = {ABD56D53-5529-44BC-A1E6-B6337EC7AF6A}
	EndGlobalSection
	GlobalSection(ExtensibilityGlobals) = postSolution
		SolutionGuid = {B358507C-4C9F-4B14-BB31-B77B1CA84670}
	EndGlobalSection
EndGlobal
