
Microsoft Visual Studio Solution File, Format Version 12.00
# Visual Studio Version 17
VisualStudioVersion = 17.0.32014.148
MinimumVisualStudioVersion = 10.0.40219.1
Project("{9A19103F-16F7-4668-BE54-9A1E7A4F7556}") = "Simple.Abp.AspNetCore.Mvc.UI.Theme.Cactus", "Simple.Abp.AspNetCore.Mvc.UI.Theme.Cactus\Simple.Abp.AspNetCore.Mvc.UI.Theme.Cactus.csproj", "{F83210D0-D7BB-44A7-A09C-ED61A9E60DED}"
EndProject
Global
	GlobalSection(SolutionConfigurationPlatforms) = preSolution
		Debug|Any CPU = Debug|Any CPU
		Release|Any CPU = Release|Any CPU
	EndGlobalSection
	GlobalSection(ProjectConfigurationPlatforms) = postSolution
		{F83210D0-D7BB-44A7-A09C-ED61A9E60DED}.Debug|Any CPU.ActiveCfg = Debug|Any CPU
		{F83210D0-D7BB-44A7-A09C-ED61A9E60DED}.Debug|Any CPU.Build.0 = Debug|Any CPU
		{F83210D0-D7BB-44A7-A09C-ED61A9E60DED}.Release|Any CPU.ActiveCfg = Release|Any CPU
		{F83210D0-D7BB-44A7-A09C-ED61A9E60DED}.Release|Any CPU.Build.0 = Release|Any CPU
	EndGlobalSection
	GlobalSection(SolutionProperties) = preSolution
		HideSolutionNode = FALSE
	EndGlobalSection
	GlobalSection(ExtensibilityGlobals) = postSolution
		SolutionGuid = {935409DD-E6B2-4140-A4C2-E2E670DF6C47}
	EndGlobalSection
EndGlobal
