
Microsoft Visual Studio Solution File, Format Version 12.00
# Visual Studio Version 17
VisualStudioVersion = 17.0.31903.59
MinimumVisualStudioVersion = 10.0.40219.1
Project("{FAE04EC0-301F-11D3-BF4B-00C04F79EFBC}") = "Simple.Abp.CmsKit.Public.Web", "Simple.Abp.CmsKit.Public.Web\Simple.Abp.CmsKit.Public.Web.csproj", "{66E22FE6-9979-41ED-B40B-17E3E8D70BF3}"
EndProject
Global
	GlobalSection(SolutionConfigurationPlatforms) = preSolution
		Debug|Any CPU = Debug|Any CPU
		Release|Any CPU = Release|Any CPU
	EndGlobalSection
	GlobalSection(ProjectConfigurationPlatforms) = postSolution
		{66E22FE6-9979-41ED-B40B-17E3E8D70BF3}.Debug|Any CPU.ActiveCfg = Debug|Any CPU
		{66E22FE6-9979-41ED-B40B-17E3E8D70BF3}.Debug|Any CPU.Build.0 = Debug|Any CPU
		{66E22FE6-9979-41ED-B40B-17E3E8D70BF3}.Release|Any CPU.ActiveCfg = Release|Any CPU
		{66E22FE6-9979-41ED-B40B-17E3E8D70BF3}.Release|Any CPU.Build.0 = Release|Any CPU
	EndGlobalSection
	GlobalSection(SolutionProperties) = preSolution
		HideSolutionNode = FALSE
	EndGlobalSection
	GlobalSection(ExtensibilityGlobals) = postSolution
		SolutionGuid = {6B2A6DFE-F432-4165-90E5-E2F3E3A27704}
	EndGlobalSection
EndGlobal
