{
  "name": "wwwroot",
  "lockfileVersion": 2,
  "requires": true,
  "packages": {
    "": {
      "dependencies": {
        "tinymce": "^5.10.3"
      }
    },
    "node_modules/tinymce": {
      "version": "5.10.3",
      "resolved": "https://registry.npmjs.org/tinymce/-/tinymce-5.10.3.tgz",
      "integrity": "sha512-O59ssHNnujWvSk5Gt8hIGrdNCMKVWVQv9F8siAgLTRgTh0t3NDHrP1UlLtCxArUi9DPWZvlBeUz8D5fJTu7vnA=="
    }
  },
  "dependencies": {
    "tinymce": {
      "version": "5.10.3",
      "resolved": "https://registry.npmjs.org/tinymce/-/tinymce-5.10.3.tgz",
      "integrity": "sha512-O59ssHNnujWvSk5Gt8hIGrdNCMKVWVQv9F8siAgLTRgTh0t3NDHrP1UlLtCxArUi9DPWZvlBeUz8D5fJTu7vnA=="
    }
  }
}
